
Microsoft Visual Studio Solution File, Format Version 12.00
# Visual Studio Version 17
VisualStudioVersion = 17.1.32210.238
MinimumVisualStudioVersion = 10.0.40219.1
Project("{9A19103F-16F7-4668-BE54-9A1E7A4F7556}") = "Andrew_SuperheroAPI", "Andrew_SuperheroAPI\Andrew_SuperheroAPI.csproj", "{2CB792E6-5CF6-4F2C-8DA6-04E10A24243E}"
EndProject
Project("{FAE04EC0-301F-11D3-BF4B-00C04F79EFBC}") = "SuperHeroUnitTest", "SuperHeroUnitTest\SuperHeroUnitTest.csproj", "{20B368ED-0DD1-45B9-88C0-A7BEE069ADE2}"
EndProject
Global
	GlobalSection(SolutionConfigurationPlatforms) = preSolution
		Debug|Any CPU = Debug|Any CPU
		Release|Any CPU = Release|Any CPU
	EndGlobalSection
	GlobalSection(ProjectConfigurationPlatforms) = postSolution
		{2CB792E6-5CF6-4F2C-8DA6-04E10A24243E}.Debug|Any CPU.ActiveCfg = Debug|Any CPU
		{2CB792E6-5CF6-4F2C-8DA6-04E10A24243E}.Debug|Any CPU.Build.0 = Debug|Any CPU
		{2CB792E6-5CF6-4F2C-8DA6-04E10A24243E}.Release|Any CPU.ActiveCfg = Release|Any CPU
		{2CB792E6-5CF6-4F2C-8DA6-04E10A24243E}.Release|Any CPU.Build.0 = Release|Any CPU
		{20B368ED-0DD1-45B9-88C0-A7BEE069ADE2}.Debug|Any CPU.ActiveCfg = Debug|Any CPU
		{20B368ED-0DD1-45B9-88C0-A7BEE069ADE2}.Debug|Any CPU.Build.0 = Debug|Any CPU
		{20B368ED-0DD1-45B9-88C0-A7BEE069ADE2}.Release|Any CPU.ActiveCfg = Release|Any CPU
		{20B368ED-0DD1-45B9-88C0-A7BEE069ADE2}.Release|Any CPU.Build.0 = Release|Any CPU
	EndGlobalSection
	GlobalSection(SolutionProperties) = preSolution
		HideSolutionNode = FALSE
	EndGlobalSection
	GlobalSection(ExtensibilityGlobals) = postSolution
		SolutionGuid = {19ADEF64-51A8-47E9-8195-4A1D14C900B8}
	EndGlobalSection
EndGlobal
